# THIS IS AN AUTOGENERATED FILE. DO NOT EDIT THIS FILE DIRECTLY.
# yarn lockfile v1


"@zegocloud/zego-uikit-prebuilt@^1.8.15":
  version "1.8.15"
  resolved "https://registry.npmjs.org/@zegocloud/zego-uikit-prebuilt/-/zego-uikit-prebuilt-1.8.15.tgz"
  integrity sha512-7U+eL+L1NVo8xy39lkIrFCtMypgO3al9n/wnZLFMVRl5l1VyiouCHGkMtQ21ufOa+3VWemobaTkgxHcgkekCuw==

async@^3.2.2:
  version "3.2.5"
  resolved "https://registry.npmjs.org/async/-/async-3.2.5.tgz"
  integrity sha512-baNZyqaaLhyLVKm/DlvdW051MSgO6b8eVfIezl9E5PqWxFgzLm/wQntEW4zOytVburDEr0JlALEpdOFwvErLsg==

asynckit@^0.4.0:
  version "0.4.0"
  resolved "https://registry.npmjs.org/asynckit/-/asynckit-0.4.0.tgz"
  integrity sha512-Oei9OH4tRh0YqU3GxhX79dM/mwVgvbZJaSNaRk+bshkj0S5cfHcgYakreBjrHwatXKbz+IoIdYLxrKim2MjW0Q==

axios@^1.6.0:
  version "1.6.0"
  resolved "https://registry.npmjs.org/axios/-/axios-1.6.0.tgz"
  integrity sha512-EZ1DYihju9pwVB+jg67ogm+Tmqc6JmhamRN6I4Zt8DfZu5lbcQGw3ozH9lFejSJgs/ibaef3A9PMXPLeefFGJg==
  dependencies:
    follow-redirects "^1.15.0"
    form-data "^4.0.0"
    proxy-from-env "^1.1.0"

combined-stream@^1.0.8:
  version "1.0.8"
  resolved "https://registry.npmjs.org/combined-stream/-/combined-stream-1.0.8.tgz"
  integrity sha512-FQN4MRfuJeHf7cBbBMJFXhKSDq+2kAArBlmRBvcvFE5BB1HZKXtSFASDhdlz9zOYwxh8lDdnvmMOe/+5cdoEdg==
  dependencies:
    delayed-stream "~1.0.0"

delayed-stream@~1.0.0:
  version "1.0.0"
  resolved "https://registry.npmjs.org/delayed-stream/-/delayed-stream-1.0.0.tgz"
  integrity sha512-ZySD7Nf91aLB0RxL4KGrKHBXl7Eds1DAmEdcoVawXnLD7SDhpNgtuII2aAkg7a7QS41jxPSZ17p4VdGnMHk3MQ==

duplexer@^0.1.1, duplexer@~0.1.1:
  version "0.1.2"
  resolved "https://registry.npmjs.org/duplexer/-/duplexer-0.1.2.tgz"
  integrity sha512-jtD6YG370ZCIi/9GTaJKQxWTZD045+4R4hTk/x1UyoqadyJ9x9CgSi1RlVDQF8U2sxLLSnFkCaMihqljHIWgMg==

event-stream@^4.0.1:
  version "4.0.1"
  resolved "https://registry.npmjs.org/event-stream/-/event-stream-4.0.1.tgz"
  integrity sha512-qACXdu/9VHPBzcyhdOWR5/IahhGMf0roTeZJfzz077GwylcDd90yOHLouhmv7GJ5XzPi6ekaQWd8AvPP2nOvpA==
  dependencies:
    duplexer "^0.1.1"
    from "^0.1.7"
    map-stream "0.0.7"
    pause-stream "^0.0.11"
    split "^1.0.1"
    stream-combiner "^0.2.2"
    through "^2.3.8"

follow-redirects@^1.15.0:
  version "1.15.3"
  resolved "https://registry.npmjs.org/follow-redirects/-/follow-redirects-1.15.3.tgz"
  integrity sha512-1VzOtuEM8pC9SFU1E+8KfTjZyMztRsgEfwQl44z8A25uy13jSzTj6dyK2Df52iV0vgHCfBwLhDWevLn95w5v6Q==

form-data@^4.0.0:
  version "4.0.0"
  resolved "https://registry.npmjs.org/form-data/-/form-data-4.0.0.tgz"
  integrity sha512-ETEklSGi5t0QMZuiXoA/Q6vcnxcLQP5vdugSpuAyi6SVGi2clPPp+xgEhuMaHC+zGgn31Kd235W35f7Hykkaww==
  dependencies:
    asynckit "^0.4.0"
    combined-stream "^1.0.8"
    mime-types "^2.1.12"

from@^0.1.7:
  version "0.1.7"
  resolved "https://registry.npmjs.org/from/-/from-0.1.7.tgz"
  integrity sha512-twe20eF1OxVxp/ML/kq2p1uc6KvFK/+vs8WjEbeKmV2He22MKm7YF2ANIt+EOqhJ5L3K/SuuPhk0hWQDjOM23g==

lodash.assign@^4.2.0:
  version "4.2.0"
  resolved "https://registry.npmjs.org/lodash.assign/-/lodash.assign-4.2.0.tgz"
  integrity sha512-hFuH8TY+Yji7Eja3mGiuAxBqLagejScbG8GbG0j6o9vzn0YL14My+ktnqtZgFTosKymC9/44wP6s7xyuLfnClw==

map-stream@0.0.7:
  version "0.0.7"
  resolved "https://registry.npmjs.org/map-stream/-/map-stream-0.0.7.tgz"
  integrity sha512-C0X0KQmGm3N2ftbTGBhSyuydQ+vV1LC3f3zPvT3RXHXNZrvfPZcoXp/N5DOa8vedX/rTMm2CjTtivFg2STJMRQ==

mime-db@1.52.0:
  version "1.52.0"
  resolved "https://registry.npmjs.org/mime-db/-/mime-db-1.52.0.tgz"
  integrity sha512-sPU4uV7dYlvtWJxwwxHD0PuihVNiE7TyAbQ5SWxDCB9mUYvOgroQOwYQQOKPJ8CIbE+1ETVlOoK1UC2nU3gYvg==

mime-types@^2.1.12:
  version "2.1.35"
  resolved "https://registry.npmjs.org/mime-types/-/mime-types-2.1.35.tgz"
  integrity sha512-ZDY+bPm5zTTF+YpCrAU9nK0UgICYPT0QtT1NZWFv4s++TNkcgVaT0g6+4R2uI4MjQjzysHB1zxuWL50hzaeXiw==
  dependencies:
    mime-db "1.52.0"

mingo@^6.1.0:
  version "6.4.9"
  resolved "https://registry.npmjs.org/mingo/-/mingo-6.4.9.tgz"
  integrity sha512-jsOiIEJ19UtTaWjNFN4CnuKWqELm2sINZcHqI/nmjezMvXthBIQOftJrlT85NuIDoSFc0vrbjD+GnrzEgYnPbA==

pause-stream@^0.0.11:
  version "0.0.11"
  resolved "https://registry.npmjs.org/pause-stream/-/pause-stream-0.0.11.tgz"
  integrity sha512-e3FBlXLmN/D1S+zHzanP4E/4Z60oFAa3O051qt1pxa7DEJWKAyil6upYVXCWadEnuoqa4Pkc9oUx9zsxYeRv8A==
  dependencies:
    through "~2.3"

proxy-from-env@^1.1.0:
  version "1.1.0"
  resolved "https://registry.npmjs.org/proxy-from-env/-/proxy-from-env-1.1.0.tgz"
  integrity sha512-D+zkORCbA9f1tdWRK0RaCR3GPv50cMxcrz4X8k5LTSUD1Dkw47mKJEZQNunItRTkWwgtaUSo1RVFRIG9ZXiFYg==

save@^2.9.0:
  version "2.9.0"
  resolved "https://registry.npmjs.org/save/-/save-2.9.0.tgz"
  integrity sha512-eg8+g8CjvehE/2C6EbLdtK1pINVD27pcJLj4M9PjWWhoeha/y5bWf4dp/0RF+OzbKTcG1bae9qi3PAqiR8CJTg==
  dependencies:
    async "^3.2.2"
    event-stream "^4.0.1"
    lodash.assign "^4.2.0"
    mingo "^6.1.0"

split@^1.0.1:
  version "1.0.1"
  resolved "https://registry.npmjs.org/split/-/split-1.0.1.tgz"
  integrity sha512-mTyOoPbrivtXnwnIxZRFYRrPNtEFKlpB2fvjSnCQUiAA6qAZzqwna5envK4uk6OIeP17CsdF3rSBGYVBsU0Tkg==
  dependencies:
    through "2"

stream-combiner@^0.2.2:
  version "0.2.2"
  resolved "https://registry.npmjs.org/stream-combiner/-/stream-combiner-0.2.2.tgz"
  integrity sha512-6yHMqgLYDzQDcAkL+tjJDC5nSNuNIx0vZtRZeiPh7Saef7VHX9H5Ijn9l2VIol2zaNYlYEX6KyuT/237A58qEQ==
  dependencies:
    duplexer "~0.1.1"
    through "~2.3.4"

through@^2.3.8, through@~2.3, through@~2.3.4, through@2:
  version "2.3.8"
  resolved "https://registry.npmjs.org/through/-/through-2.3.8.tgz"
  integrity sha512-w89qg7PI8wAdvX60bMDP+bFoD5Dvhm9oLheFp5O4a2QF0cSBGsBX4qZmadPMvVqlLJBBci+WqGGOAPvcDeNSVg==
